
Microsoft Visual Studio Solution File, Format Version 12.00
# Visual Studio 14
VisualStudioVersion = 14.0.23107.0
MinimumVisualStudioVersion = 10.0.40219.1
Project("{2150E333-8FDC-42A3-9474-1A3956D46DE8}") = "Solution Items", "Solution Items", "{9469D907-C4B4-4C33-AD09-587059A6EFB4}"
	ProjectSection(SolutionItems) = preProject
		.deployment = .deployment
		azuredeploy-parameters.json = azuredeploy-parameters.json
		azuredeploy.json = azuredeploy.json
		deploy.cmd = deploy.cmd
		deploy.nodeproxy.cmd = deploy.nodeproxy.cmd
		deploy.nodesrv.cmd = deploy.nodesrv.cmd
		hello.cmd = hello.cmd
		README.md = README.md
	EndProjectSection
EndProject
Project("{2150E333-8FDC-42A3-9474-1A3956D46DE8}") = "nodesrv", "nodesrv", "{ADBE9F52-8053-41E9-A765-B1638EA17CA8}"
	ProjectSection(SolutionItems) = preProject
		nodesrv\iisnode.yml = nodesrv\iisnode.yml
		nodesrv\server.js = nodesrv\server.js
		nodesrv\web.config = nodesrv\web.config
	EndProjectSection
EndProject
Project("{2150E333-8FDC-42A3-9474-1A3956D46DE8}") = "nodeproxy", "nodeproxy", "{B6928A0D-9542-4F73-9F84-BAA847787A0F}"
	ProjectSection(SolutionItems) = preProject
		nodeproxy\iisnode.yml = nodeproxy\iisnode.yml
		nodeproxy\server.js = nodeproxy\server.js
		nodeproxy\web.config = nodeproxy\web.config
	EndProjectSection
EndProject
Global
	GlobalSection(SolutionProperties) = preSolution
		HideSolutionNode = FALSE
	EndGlobalSection
EndGlobal
